lockfileVersion: 5.3

importers:

  .:
    specifiers: {}

  packages/core:
    specifiers:
      '@leveluptuts/g-query-codegen': workspace:^1.0.0
      '@leveluptuts/g-query-vite-plugin': workspace:^1.0.0
      '@sveltejs/adapter-static': ^1.0.0-next.34
    devDependencies:
      '@leveluptuts/g-query-codegen': link:../codegen
      '@leveluptuts/g-query-vite-plugin': link:../vite-plugin
      '@sveltejs/adapter-static': 1.0.0-next.34

packages:

  /@sveltejs/adapter-static/1.0.0-next.34:
    resolution: {integrity: sha512-XjuMhemme5z0L/B2nTZpA6k+RJjF+b6L96ts6gIQ6ixiCzJQSbBqJhrrBYBCaeLAKvdUMoGEmX8m862JhKjRFg==}
    dependencies:
      tiny-glob: 0.2.9
    dev: true

  /globalyzer/0.1.0:
    resolution: {integrity: sha512-40oNTM9UfG6aBmuKxk/giHn5nQ8RVz/SS4Ir6zgzOv9/qC3kKZ9v4etGTcJbEl/NyVQH7FGU7d+X1egr57Md2Q==}
    dev: true

  /globrex/0.1.2:
    resolution: {integrity: sha512-uHJgbwAMwNFf5mLst7IWLNg14x1CkeqglJb/K3doi4dw6q2IvAAmM/Y81kevy83wP+Sst+nutFTYOGg3d1lsxg==}
    dev: true

  /tiny-glob/0.2.9:
    resolution: {integrity: sha512-g/55ssRPUjShh+xkfx9UPDXqhckHEsHr4Vd9zX55oSdGZc/MD0m3sferOkwWtp98bv+kcVfEHtRJgBVJzelrzg==}
    dependencies:
      globalyzer: 0.1.0
      globrex: 0.1.2
    dev: true
